
Microsoft Visual Studio Solution File, Format Version 12.00
# Visual Studio 15
VisualStudioVersion = 15.0.26124.0
MinimumVisualStudioVersion = 15.0.26124.0
Project("{FAE04EC0-301F-11D3-BF4B-00C04F79EFBC}") = "API", "API\API.csproj", "{F6EA8E36-72B2-4649-997D-3E5219D685DD}"
EndProject
Project("{FAE04EC0-301F-11D3-BF4B-00C04F79EFBC}") = "Core", "Core\Core.csproj", "{CA71DCDF-9C2B-43B0-9E79-42305548AD27}"
EndProject
Project("{FAE04EC0-301F-11D3-BF4B-00C04F79EFBC}") = "Infrastructure", "Infrastructure\Infrastructure.csproj", "{96395780-727D-4811-A5CF-ACEA32A8201D}"
EndProject
Global
	GlobalSection(SolutionConfigurationPlatforms) = preSolution
		Debug|Any CPU = Debug|Any CPU
		Debug|x64 = Debug|x64
		Debug|x86 = Debug|x86
		Release|Any CPU = Release|Any CPU
		Release|x64 = Release|x64
		Release|x86 = Release|x86
	EndGlobalSection
	GlobalSection(SolutionProperties) = preSolution
		HideSolutionNode = FALSE
	EndGlobalSection
	GlobalSection(ProjectConfigurationPlatforms) = postSolution
		{F6EA8E36-72B2-4649-997D-3E5219D685DD}.Debug|Any CPU.ActiveCfg = Debug|Any CPU
		{F6EA8E36-72B2-4649-997D-3E5219D685DD}.Debug|Any CPU.Build.0 = Debug|Any CPU
		{F6EA8E36-72B2-4649-997D-3E5219D685DD}.Debug|x64.ActiveCfg = Debug|Any CPU
		{F6EA8E36-72B2-4649-997D-3E5219D685DD}.Debug|x64.Build.0 = Debug|Any CPU
		{F6EA8E36-72B2-4649-997D-3E5219D685DD}.Debug|x86.ActiveCfg = Debug|Any CPU
		{F6EA8E36-72B2-4649-997D-3E5219D685DD}.Debug|x86.Build.0 = Debug|Any CPU
		{F6EA8E36-72B2-4649-997D-3E5219D685DD}.Release|Any CPU.ActiveCfg = Release|Any CPU
		{F6EA8E36-72B2-4649-997D-3E5219D685DD}.Release|Any CPU.Build.0 = Release|Any CPU
		{F6EA8E36-72B2-4649-997D-3E5219D685DD}.Release|x64.ActiveCfg = Release|Any CPU
		{F6EA8E36-72B2-4649-997D-3E5219D685DD}.Release|x64.Build.0 = Release|Any CPU
		{F6EA8E36-72B2-4649-997D-3E5219D685DD}.Release|x86.ActiveCfg = Release|Any CPU
		{F6EA8E36-72B2-4649-997D-3E5219D685DD}.Release|x86.Build.0 = Release|Any CPU
		{CA71DCDF-9C2B-43B0-9E79-42305548AD27}.Debug|Any CPU.ActiveCfg = Debug|Any CPU
		{CA71DCDF-9C2B-43B0-9E79-42305548AD27}.Debug|Any CPU.Build.0 = Debug|Any CPU
		{CA71DCDF-9C2B-43B0-9E79-42305548AD27}.Debug|x64.ActiveCfg = Debug|Any CPU
		{CA71DCDF-9C2B-43B0-9E79-42305548AD27}.Debug|x64.Build.0 = Debug|Any CPU
		{CA71DCDF-9C2B-43B0-9E79-42305548AD27}.Debug|x86.ActiveCfg = Debug|Any CPU
		{CA71DCDF-9C2B-43B0-9E79-42305548AD27}.Debug|x86.Build.0 = Debug|Any CPU
		{CA71DCDF-9C2B-43B0-9E79-42305548AD27}.Release|Any CPU.ActiveCfg = Release|Any CPU
		{CA71DCDF-9C2B-43B0-9E79-42305548AD27}.Release|Any CPU.Build.0 = Release|Any CPU
		{CA71DCDF-9C2B-43B0-9E79-42305548AD27}.Release|x64.ActiveCfg = Release|Any CPU
		{CA71DCDF-9C2B-43B0-9E79-42305548AD27}.Release|x64.Build.0 = Release|Any CPU
		{CA71DCDF-9C2B-43B0-9E79-42305548AD27}.Release|x86.ActiveCfg = Release|Any CPU
		{CA71DCDF-9C2B-43B0-9E79-42305548AD27}.Release|x86.Build.0 = Release|Any CPU
		{96395780-727D-4811-A5CF-ACEA32A8201D}.Debug|Any CPU.ActiveCfg = Debug|Any CPU
		{96395780-727D-4811-A5CF-ACEA32A8201D}.Debug|Any CPU.Build.0 = Debug|Any CPU
		{96395780-727D-4811-A5CF-ACEA32A8201D}.Debug|x64.ActiveCfg = Debug|Any CPU
		{96395780-727D-4811-A5CF-ACEA32A8201D}.Debug|x64.Build.0 = Debug|Any CPU
		{96395780-727D-4811-A5CF-ACEA32A8201D}.Debug|x86.ActiveCfg = Debug|Any CPU
		{96395780-727D-4811-A5CF-ACEA32A8201D}.Debug|x86.Build.0 = Debug|Any CPU
		{96395780-727D-4811-A5CF-ACEA32A8201D}.Release|Any CPU.ActiveCfg = Release|Any CPU
		{96395780-727D-4811-A5CF-ACEA32A8201D}.Release|Any CPU.Build.0 = Release|Any CPU
		{96395780-727D-4811-A5CF-ACEA32A8201D}.Release|x64.ActiveCfg = Release|Any CPU
		{96395780-727D-4811-A5CF-ACEA32A8201D}.Release|x64.Build.0 = Release|Any CPU
		{96395780-727D-4811-A5CF-ACEA32A8201D}.Release|x86.ActiveCfg = Release|Any CPU
		{96395780-727D-4811-A5CF-ACEA32A8201D}.Release|x86.Build.0 = Release|Any CPU
	EndGlobalSection
EndGlobal
